
Microsoft Visual Studio Solution File, Format Version 12.00
# Visual Studio Version 17
VisualStudioVersion = 17.14.36518.9
MinimumVisualStudioVersion = 10.0.40219.1
Project("{8BC9CEB8-8B4A-11D0-8D11-00A0C91BC942}") = "include", "include\include.vcxproj", "{3E98B0F6-83EF-473B-9287-9748354058C0}"
EndProject
Project("{8BC9CEB8-8B4A-11D0-8D11-00A0C91BC942}") = "tests", "tests\tests.vcxproj", "{72816325-9E8F-4565-9905-4AFE353FC6A8}"
EndProject
Project("{8BC9CEB8-8B4A-11D0-8D11-00A0C91BC942}") = "src", "src\src.vcxproj", "{0F9BE121-D4F7-4A36-8E76-554CB9300BDB}"
EndProject
Global
	GlobalSection(SolutionConfigurationPlatforms) = preSolution
		Debug|ARM = Debug|ARM
		Debug|ARM64 = Debug|ARM64
		Debug|x64 = Debug|x64
		Debug|x86 = Debug|x86
		Release|ARM = Release|ARM
		Release|ARM64 = Release|ARM64
		Release|x64 = Release|x64
		Release|x86 = Release|x86
	EndGlobalSection
	GlobalSection(ProjectConfigurationPlatforms) = postSolution
		{3E98B0F6-83EF-473B-9287-9748354058C0}.Debug|ARM.ActiveCfg = Debug|ARM
		{3E98B0F6-83EF-473B-9287-9748354058C0}.Debug|ARM.Build.0 = Debug|ARM
		{3E98B0F6-83EF-473B-9287-9748354058C0}.Debug|ARM.Deploy.0 = Debug|ARM
		{3E98B0F6-83EF-473B-9287-9748354058C0}.Debug|ARM64.ActiveCfg = Debug|ARM64
		{3E98B0F6-83EF-473B-9287-9748354058C0}.Debug|ARM64.Build.0 = Debug|ARM64
		{3E98B0F6-83EF-473B-9287-9748354058C0}.Debug|ARM64.Deploy.0 = Debug|ARM64
		{3E98B0F6-83EF-473B-9287-9748354058C0}.Debug|x64.ActiveCfg = Debug|x64
		{3E98B0F6-83EF-473B-9287-9748354058C0}.Debug|x64.Build.0 = Debug|x64
		{3E98B0F6-83EF-473B-9287-9748354058C0}.Debug|x64.Deploy.0 = Debug|x64
		{3E98B0F6-83EF-473B-9287-9748354058C0}.Debug|x86.ActiveCfg = Debug|x86
		{3E98B0F6-83EF-473B-9287-9748354058C0}.Debug|x86.Build.0 = Debug|x86
		{3E98B0F6-83EF-473B-9287-9748354058C0}.Debug|x86.Deploy.0 = Debug|x86
		{3E98B0F6-83EF-473B-9287-9748354058C0}.Release|ARM.ActiveCfg = Release|ARM
		{3E98B0F6-83EF-473B-9287-9748354058C0}.Release|ARM.Build.0 = Release|ARM
		{3E98B0F6-83EF-473B-9287-9748354058C0}.Release|ARM.Deploy.0 = Release|ARM
		{3E98B0F6-83EF-473B-9287-9748354058C0}.Release|ARM64.ActiveCfg = Release|ARM64
		{3E98B0F6-83EF-473B-9287-9748354058C0}.Release|ARM64.Build.0 = Release|ARM64
		{3E98B0F6-83EF-473B-9287-9748354058C0}.Release|ARM64.Deploy.0 = Release|ARM64
		{3E98B0F6-83EF-473B-9287-9748354058C0}.Release|x64.ActiveCfg = Release|x64
		{3E98B0F6-83EF-473B-9287-9748354058C0}.Release|x64.Build.0 = Release|x64
		{3E98B0F6-83EF-473B-9287-9748354058C0}.Release|x64.Deploy.0 = Release|x64
		{3E98B0F6-83EF-473B-9287-9748354058C0}.Release|x86.ActiveCfg = Release|x86
		{3E98B0F6-83EF-473B-9287-9748354058C0}.Release|x86.Build.0 = Release|x86
		{3E98B0F6-83EF-473B-9287-9748354058C0}.Release|x86.Deploy.0 = Release|x86
		{72816325-9E8F-4565-9905-4AFE353FC6A8}.Debug|ARM.ActiveCfg = Debug|ARM
		{72816325-9E8F-4565-9905-4AFE353FC6A8}.Debug|ARM.Build.0 = Debug|ARM
		{72816325-9E8F-4565-9905-4AFE353FC6A8}.Debug|ARM.Deploy.0 = Debug|ARM
		{72816325-9E8F-4565-9905-4AFE353FC6A8}.Debug|ARM64.ActiveCfg = Debug|ARM64
		{72816325-9E8F-4565-9905-4AFE353FC6A8}.Debug|ARM64.Build.0 = Debug|ARM64
		{72816325-9E8F-4565-9905-4AFE353FC6A8}.Debug|ARM64.Deploy.0 = Debug|ARM64
		{72816325-9E8F-4565-9905-4AFE353FC6A8}.Debug|x64.ActiveCfg = Debug|x64
		{72816325-9E8F-4565-9905-4AFE353FC6A8}.Debug|x64.Build.0 = Debug|x64
		{72816325-9E8F-4565-9905-4AFE353FC6A8}.Debug|x64.Deploy.0 = Debug|x64
		{72816325-9E8F-4565-9905-4AFE353FC6A8}.Debug|x86.ActiveCfg = Debug|x86
		{72816325-9E8F-4565-9905-4AFE353FC6A8}.Debug|x86.Build.0 = Debug|x86
		{72816325-9E8F-4565-9905-4AFE353FC6A8}.Debug|x86.Deploy.0 = Debug|x86
		{72816325-9E8F-4565-9905-4AFE353FC6A8}.Release|ARM.ActiveCfg = Release|ARM
		{72816325-9E8F-4565-9905-4AFE353FC6A8}.Release|ARM.Build.0 = Release|ARM
		{72816325-9E8F-4565-9905-4AFE353FC6A8}.Release|ARM.Deploy.0 = Release|ARM
		{72816325-9E8F-4565-9905-4AFE353FC6A8}.Release|ARM64.ActiveCfg = Release|ARM64
		{72816325-9E8F-4565-9905-4AFE353FC6A8}.Release|ARM64.Build.0 = Release|ARM64
		{72816325-9E8F-4565-9905-4AFE353FC6A8}.Release|ARM64.Deploy.0 = Release|ARM64
		{72816325-9E8F-4565-9905-4AFE353FC6A8}.Release|x64.ActiveCfg = Release|x64
		{72816325-9E8F-4565-9905-4AFE353FC6A8}.Release|x64.Build.0 = Release|x64
		{72816325-9E8F-4565-9905-4AFE353FC6A8}.Release|x64.Deploy.0 = Release|x64
		{72816325-9E8F-4565-9905-4AFE353FC6A8}.Release|x86.ActiveCfg = Release|x86
		{72816325-9E8F-4565-9905-4AFE353FC6A8}.Release|x86.Build.0 = Release|x86
		{72816325-9E8F-4565-9905-4AFE353FC6A8}.Release|x86.Deploy.0 = Release|x86
		{0F9BE121-D4F7-4A36-8E76-554CB9300BDB}.Debug|ARM.ActiveCfg = Debug|ARM
		{0F9BE121-D4F7-4A36-8E76-554CB9300BDB}.Debug|ARM.Build.0 = Debug|ARM
		{0F9BE121-D4F7-4A36-8E76-554CB9300BDB}.Debug|ARM.Deploy.0 = Debug|ARM
		{0F9BE121-D4F7-4A36-8E76-554CB9300BDB}.Debug|ARM64.ActiveCfg = Debug|ARM64
		{0F9BE121-D4F7-4A36-8E76-554CB9300BDB}.Debug|ARM64.Build.0 = Debug|ARM64
		{0F9BE121-D4F7-4A36-8E76-554CB9300BDB}.Debug|ARM64.Deploy.0 = Debug|ARM64
		{0F9BE121-D4F7-4A36-8E76-554CB9300BDB}.Debug|x64.ActiveCfg = Debug|x64
		{0F9BE121-D4F7-4A36-8E76-554CB9300BDB}.Debug|x64.Build.0 = Debug|x64
		{0F9BE121-D4F7-4A36-8E76-554CB9300BDB}.Debug|x64.Deploy.0 = Debug|x64
		{0F9BE121-D4F7-4A36-8E76-554CB9300BDB}.Debug|x86.ActiveCfg = Debug|x86
		{0F9BE121-D4F7-4A36-8E76-554CB9300BDB}.Debug|x86.Build.0 = Debug|x86
		{0F9BE121-D4F7-4A36-8E76-554CB9300BDB}.Debug|x86.Deploy.0 = Debug|x86
		{0F9BE121-D4F7-4A36-8E76-554CB9300BDB}.Release|ARM.ActiveCfg = Release|ARM
		{0F9BE121-D4F7-4A36-8E76-554CB9300BDB}.Release|ARM.Build.0 = Release|ARM
		{0F9BE121-D4F7-4A36-8E76-554CB9300BDB}.Release|ARM.Deploy.0 = Release|ARM
		{0F9BE121-D4F7-4A36-8E76-554CB9300BDB}.Release|ARM64.ActiveCfg = Release|ARM64
		{0F9BE121-D4F7-4A36-8E76-554CB9300BDB}.Release|ARM64.Build.0 = Release|ARM64
		{0F9BE121-D4F7-4A36-8E76-554CB9300BDB}.Release|ARM64.Deploy.0 = Release|ARM64
		{0F9BE121-D4F7-4A36-8E76-554CB9300BDB}.Release|x64.ActiveCfg = Release|x64
		{0F9BE121-D4F7-4A36-8E76-554CB9300BDB}.Release|x64.Build.0 = Release|x64
		{0F9BE121-D4F7-4A36-8E76-554CB9300BDB}.Release|x64.Deploy.0 = Release|x64
		{0F9BE121-D4F7-4A36-8E76-554CB9300BDB}.Release|x86.ActiveCfg = Release|x86
		{0F9BE121-D4F7-4A36-8E76-554CB9300BDB}.Release|x86.Build.0 = Release|x86
		{0F9BE121-D4F7-4A36-8E76-554CB9300BDB}.Release|x86.Deploy.0 = Release|x86
	EndGlobalSection
	GlobalSection(SolutionProperties) = preSolution
		HideSolutionNode = FALSE
	EndGlobalSection
	GlobalSection(ExtensibilityGlobals) = postSolution
		SolutionGuid = {CC95AC98-5149-4E36-8F45-DFAA6FDEA8B2}
	EndGlobalSection
EndGlobal
